
Microsoft Visual Studio Solution File, Format Version 12.00
# Visual Studio Version 17
VisualStudioVersion = 17.10.35027.167
MinimumVisualStudioVersion = 10.0.40219.1
Project("{FAE04EC0-301F-11D3-BF4B-00C04F79EFBC}") = "WinFormsApp_taskDB", "WinFormsApp_taskDB.csproj", "{41E3C948-D87D-4F0D-AC03-8485BCA91593}"
EndProject
Global
	GlobalSection(SolutionConfigurationPlatforms) = preSolution
		Debug|Any CPU = Debug|Any CPU
		Release|Any CPU = Release|Any CPU
	EndGlobalSection
	GlobalSection(ProjectConfigurationPlatforms) = postSolution
		{41E3C948-D87D-4F0D-AC03-8485BCA91593}.Debug|Any CPU.ActiveCfg = Debug|Any CPU
		{41E3C948-D87D-4F0D-AC03-8485BCA91593}.Debug|Any CPU.Build.0 = Debug|Any CPU
		{41E3C948-D87D-4F0D-AC03-8485BCA91593}.Release|Any CPU.ActiveCfg = Release|Any CPU
		{41E3C948-D87D-4F0D-AC03-8485BCA91593}.Release|Any CPU.Build.0 = Release|Any CPU
	EndGlobalSection
	GlobalSection(SolutionProperties) = preSolution
		HideSolutionNode = FALSE
	EndGlobalSection
	GlobalSection(ExtensibilityGlobals) = postSolution
		SolutionGuid = {ECE8C342-C849-4003-926B-55C1FFFB5F14}
	EndGlobalSection
EndGlobal
